
Microsoft Visual Studio Solution File, Format Version 12.00
# Visual Studio Version 16
VisualStudioVersion = 16.0.31729.503
MinimumVisualStudioVersion = 10.0.40219.1
Project("{FAE04EC0-301F-11D3-BF4B-00C04F79EFBC}") = "Pingladevi", "Pingladevi\Pingladevi.csproj", "{1B522E86-273D-404A-966A-E8C1CF11477C}"
EndProject
Project("{FAE04EC0-301F-11D3-BF4B-00C04F79EFBC}") = "Pingladevi.Data", "Pingladevi.Data\Pingladevi.Data.csproj", "{DA1B7936-49D4-41F8-BF3E-05446B8ECFC7}"
EndProject
Global
	GlobalSection(SolutionConfigurationPlatforms) = preSolution
		Debug|Any CPU = Debug|Any CPU
		Release|Any CPU = Release|Any CPU
	EndGlobalSection
	GlobalSection(ProjectConfigurationPlatforms) = postSolution
		{1B522E86-273D-404A-966A-E8C1CF11477C}.Debug|Any CPU.ActiveCfg = Debug|Any CPU
		{1B522E86-273D-404A-966A-E8C1CF11477C}.Debug|Any CPU.Build.0 = Debug|Any CPU
		{1B522E86-273D-404A-966A-E8C1CF11477C}.Release|Any CPU.ActiveCfg = Release|Any CPU
		{1B522E86-273D-404A-966A-E8C1CF11477C}.Release|Any CPU.Build.0 = Release|Any CPU
		{DA1B7936-49D4-41F8-BF3E-05446B8ECFC7}.Debug|Any CPU.ActiveCfg = Debug|Any CPU
		{DA1B7936-49D4-41F8-BF3E-05446B8ECFC7}.Debug|Any CPU.Build.0 = Debug|Any CPU
		{DA1B7936-49D4-41F8-BF3E-05446B8ECFC7}.Release|Any CPU.ActiveCfg = Release|Any CPU
		{DA1B7936-49D4-41F8-BF3E-05446B8ECFC7}.Release|Any CPU.Build.0 = Release|Any CPU
	EndGlobalSection
	GlobalSection(SolutionProperties) = preSolution
		HideSolutionNode = FALSE
	EndGlobalSection
	GlobalSection(ExtensibilityGlobals) = postSolution
		SolutionGuid = {37CEE374-B16D-4AE6-8D58-A78F1967A783}
	EndGlobalSection
EndGlobal
